// !$*UTF8*$!
{
	archiveVersion = 1;
	classes = {
	};
	objectVersion = 50;
	objects = {

/* Begin PBXBuildFile section */
		7942067F25F8E34B0034D56D /* ContentModel.swift in Sources */ = {isa = PBXBuildFile; fileRef = 7942067E25F8E34B0034D56D /* ContentModel.swift */; };
		796FE34D2609F6A0001A519A /* CodeTextView.swift in Sources */ = {isa = PBXBuildFile; fileRef = 796FE34C2609F6A0001A519A /* CodeTextView.swift */; };
		79981E7726026A9200884008 /* ContentView.swift in Sources */ = {isa = PBXBuildFile; fileRef = 79981E7626026A9200884008 /* ContentView.swift */; };
		79A785D925FEAAB100C878BA /* style.html in Resources */ = {isa = PBXBuildFile; fileRef = 79A785D725FEAAB100C878BA /* style.html */; };
		79A785DA25FEAAB100C878BA /* data.json in Resources */ = {isa = PBXBuildFile; fileRef = 79A785D825FEAAB100C878BA /* data.json */; };
		79A785DD25FEAC8F00C878BA /* Models.swift in Sources */ = {isa = PBXBuildFile; fileRef = 79A785DC25FEAC8F00C878BA /* Models.swift */; };
		79A785E025FEC4E200C878BA /* HomeViewRow.swift in Sources */ = {isa = PBXBuildFile; fileRef = 79A785DF25FEC4E200C878BA /* HomeViewRow.swift */; };
		79B6BD4F26029989004EB280 /* ContentViewRow.swift in Sources */ = {isa = PBXBuildFile; fileRef = 79B6BD4E26029989004EB280 /* ContentViewRow.swift */; };
		79D4379125F8E22A00A59A68 /* LearningApp.swift in Sources */ = {isa = PBXBuildFile; fileRef = 79D4379025F8E22A00A59A68 /* LearningApp.swift */; };
		79D4379325F8E22A00A59A68 /* HomeView.swift in Sources */ = {isa = PBXBuildFile; fileRef = 79D4379225F8E22A00A59A68 /* HomeView.swift */; };
		79D4379525F8E22B00A59A68 /* Assets.xcassets in Resources */ = {isa = PBXBuildFile; fileRef = 79D4379425F8E22B00A59A68 /* Assets.xcassets */; };
		79D4379825F8E22B00A59A68 /* Preview Assets.xcassets in Resources */ = {isa = PBXBuildFile; fileRef = 79D4379725F8E22B00A59A68 /* Preview Assets.xcassets */; };
		79F7DA9126091EBB00E7C8DC /* ContentDetailView.swift in Sources */ = {isa = PBXBuildFile; fileRef = 79F7DA9026091EBB00E7C8DC /* ContentDetailView.swift */; };
		79F7DA952609303E00E7C8DC /* AVKit.framework in Frameworks */ = {isa = PBXBuildFile; fileRef = 79F7DA942609303E00E7C8DC /* AVKit.framework */; };
		79F7DA98260934DD00E7C8DC /* Constants.swift in Sources */ = {isa = PBXBuildFile; fileRef = 79F7DA97260934DD00E7C8DC /* Constants.swift */; };
/* End PBXBuildFile section */

/* Begin PBXFileReference section */
		7942067E25F8E34B0034D56D /* ContentModel.swift */ = {isa = PBXFileReference; lastKnownFileType = sourcecode.swift; path = ContentModel.swift; sourceTree = "<group>"; };
		796FE34C2609F6A0001A519A /* CodeTextView.swift */ = {isa = PBXFileReference; lastKnownFileType = sourcecode.swift; path = CodeTextView.swift; sourceTree = "<group>"; };
		79981E7626026A9200884008 /* ContentView.swift */ = {isa = PBXFileReference; lastKnownFileType = sourcecode.swift; path = ContentView.swift; sourceTree = "<group>"; };
		79A785D725FEAAB100C878BA /* style.html */ = {isa = PBXFileReference; fileEncoding = 4; lastKnownFileType = text.html; path = style.html; sourceTree = "<group>"; };
		79A785D825FEAAB100C878BA /* data.json */ = {isa = PBXFileReference; fileEncoding = 4; lastKnownFileType = text.json; path = data.json; sourceTree = "<group>"; };
		79A785DC25FEAC8F00C878BA /* Models.swift */ = {isa = PBXFileReference; lastKnownFileType = sourcecode.swift; path = Models.swift; sourceTree = "<group>"; };
		79A785DF25FEC4E200C878BA /* HomeViewRow.swift */ = {isa = PBXFileReference; lastKnownFileType = sourcecode.swift; path = HomeViewRow.swift; sourceTree = "<group>"; };
		79B6BD4E26029989004EB280 /* ContentViewRow.swift */ = {isa = PBXFileReference; lastKnownFileType = sourcecode.swift; path = ContentViewRow.swift; sourceTree = "<group>"; };
		79D4378D25F8E22A00A59A68 /* LearningApp.app */ = {isa = PBXFileReference; explicitFileType = wrapper.application; includeInIndex = 0; path = LearningApp.app; sourceTree = BUILT_PRODUCTS_DIR; };
		79D4379025F8E22A00A59A68 /* LearningApp.swift */ = {isa = PBXFileReference; lastKnownFileType = sourcecode.swift; path = LearningApp.swift; sourceTree = "<group>"; };
		79D4379225F8E22A00A59A68 /* HomeView.swift */ = {isa = PBXFileReference; lastKnownFileType = sourcecode.swift; path = HomeView.swift; sourceTree = "<group>"; };
		79D4379425F8E22B00A59A68 /* Assets.xcassets */ = {isa = PBXFileReference; lastKnownFileType = folder.assetcatalog; path = Assets.xcassets; sourceTree = "<group>"; };
		79D4379725F8E22B00A59A68 /* Preview Assets.xcassets */ = {isa = PBXFileReference; lastKnownFileType = folder.assetcatalog; path = "Preview Assets.xcassets"; sourceTree = "<group>"; };
		79D4379925F8E22B00A59A68 /* Info.plist */ = {isa = PBXFileReference; lastKnownFileType = text.plist.xml; path = Info.plist; sourceTree = "<group>"; };
		79F7DA9026091EBB00E7C8DC /* ContentDetailView.swift */ = {isa = PBXFileReference; lastKnownFileType = sourcecode.swift; path = ContentDetailView.swift; sourceTree = "<group>"; };
		79F7DA942609303E00E7C8DC /* AVKit.framework */ = {isa = PBXFileReference; lastKnownFileType = wrapper.framework; name = AVKit.framework; path = System/Library/Frameworks/AVKit.framework; sourceTree = SDKROOT; };
		79F7DA97260934DD00E7C8DC /* Constants.swift */ = {isa = PBXFileReference; lastKnownFileType = sourcecode.swift; path = Constants.swift; sourceTree = "<group>"; };
/* End PBXFileReference section */

/* Begin PBXFrameworksBuildPhase section */
		79D4378A25F8E22A00A59A68 /* Frameworks */ = {
			isa = PBXFrameworksBuildPhase;
			buildActionMask = 2147483647;
			files = (
				79F7DA952609303E00E7C8DC /* AVKit.framework in Frameworks */,
			);
			runOnlyForDeploymentPostprocessing = 0;
		};
/* End PBXFrameworksBuildPhase section */

/* Begin PBXGroup section */
		79D4378425F8E22A00A59A68 = {
			isa = PBXGroup;
			children = (
				79D4378F25F8E22A00A59A68 /* LearningApp */,
				79D4378E25F8E22A00A59A68 /* Products */,
				79F7DA932609303E00E7C8DC /* Frameworks */,
			);
			sourceTree = "<group>";
		};
		79D4378E25F8E22A00A59A68 /* Products */ = {
			isa = PBXGroup;
			children = (
				79D4378D25F8E22A00A59A68 /* LearningApp.app */,
			);
			name = Products;
			sourceTree = "<group>";
		};
		79D4378F25F8E22A00A59A68 /* LearningApp */ = {
			isa = PBXGroup;
			children = (
				79D4379025F8E22A00A59A68 /* LearningApp.swift */,
				79D437A225F8E26600A59A68 /* Views */,
				79D437A325F8E26C00A59A68 /* ViewModel */,
				79D437A425F8E27200A59A68 /* Models */,
				79D437A525F8E27E00A59A68 /* Resources */,
				79D4379425F8E22B00A59A68 /* Assets.xcassets */,
				79D4379925F8E22B00A59A68 /* Info.plist */,
				79D4379625F8E22B00A59A68 /* Preview Content */,
			);
			path = LearningApp;
			sourceTree = "<group>";
		};
		79D4379625F8E22B00A59A68 /* Preview Content */ = {
			isa = PBXGroup;
			children = (
				79D4379725F8E22B00A59A68 /* Preview Assets.xcassets */,
			);
			path = "Preview Content";
			sourceTree = "<group>";
		};
		79D437A225F8E26600A59A68 /* Views */ = {
			isa = PBXGroup;
			children = (
				79D4379225F8E22A00A59A68 /* HomeView.swift */,
				79A785DF25FEC4E200C878BA /* HomeViewRow.swift */,
				79981E7626026A9200884008 /* ContentView.swift */,
				79B6BD4E26029989004EB280 /* ContentViewRow.swift */,
				79F7DA9026091EBB00E7C8DC /* ContentDetailView.swift */,
				796FE34C2609F6A0001A519A /* CodeTextView.swift */,
			);
			path = Views;
			sourceTree = "<group>";
		};
		79D437A325F8E26C00A59A68 /* ViewModel */ = {
			isa = PBXGroup;
			children = (
				7942067E25F8E34B0034D56D /* ContentModel.swift */,
			);
			path = ViewModel;
			sourceTree = "<group>";
		};
		79D437A425F8E27200A59A68 /* Models */ = {
			isa = PBXGroup;
			children = (
				79A785DC25FEAC8F00C878BA /* Models.swift */,
			);
			path = Models;
			sourceTree = "<group>";
		};
		79D437A525F8E27E00A59A68 /* Resources */ = {
			isa = PBXGroup;
			children = (
				79A785D825FEAAB100C878BA /* data.json */,
				79A785D725FEAAB100C878BA /* style.html */,
				79F7DA97260934DD00E7C8DC /* Constants.swift */,
			);
			path = Resources;
			sourceTree = "<group>";
		};
		79F7DA932609303E00E7C8DC /* Frameworks */ = {
			isa = PBXGroup;
			children = (
				79F7DA942609303E00E7C8DC /* AVKit.framework */,
			);
			name = Frameworks;
			sourceTree = "<group>";
		};
/* End PBXGroup section */

/* Begin PBXNativeTarget section */
		79D4378C25F8E22A00A59A68 /* LearningApp */ = {
			isa = PBXNativeTarget;
			buildConfigurationList = 79D4379C25F8E22B00A59A68 /* Build configuration list for PBXNativeTarget "LearningApp" */;
			buildPhases = (
				79D4378925F8E22A00A59A68 /* Sources */,
				79D4378A25F8E22A00A59A68 /* Frameworks */,
				79D4378B25F8E22A00A59A68 /* Resources */,
			);
			buildRules = (
			);
			dependencies = (
			);
			name = LearningApp;
			productName = LearningApp;
			productReference = 79D4378D25F8E22A00A59A68 /* LearningApp.app */;
			productType = "com.apple.product-type.application";
		};
/* End PBXNativeTarget section */

/* Begin PBXProject section */
		79D4378525F8E22A00A59A68 /* Project object */ = {
			isa = PBXProject;
			attributes = {
				LastSwiftUpdateCheck = 1240;
				LastUpgradeCheck = 1240;
				TargetAttributes = {
					79D4378C25F8E22A00A59A68 = {
						CreatedOnToolsVersion = 12.4;
					};
				};
			};
			buildConfigurationList = 79D4378825F8E22A00A59A68 /* Build configuration list for PBXProject "LearningApp" */;
			compatibilityVersion = "Xcode 9.3";
			developmentRegion = en;
			hasScannedForEncodings = 0;
			knownRegions = (
				en,
				Base,
			);
			mainGroup = 79D4378425F8E22A00A59A68;
			productRefGroup = 79D4378E25F8E22A00A59A68 /* Products */;
			projectDirPath = "";
			projectRoot = "";
			targets = (
				79D4378C25F8E22A00A59A68 /* LearningApp */,
			);
		};
/* End PBXProject section */

/* Begin PBXResourcesBuildPhase section */
		79D4378B25F8E22A00A59A68 /* Resources */ = {
			isa = PBXResourcesBuildPhase;
			buildActionMask = 2147483647;
			files = (
				79A785D925FEAAB100C878BA /* style.html in Resources */,
				79D4379825F8E22B00A59A68 /* Preview Assets.xcassets in Resources */,
				79D4379525F8E22B00A59A68 /* Assets.xcassets in Resources */,
				79A785DA25FEAAB100C878BA /* data.json in Resources */,
			);
			runOnlyForDeploymentPostprocessing = 0;
		};
/* End PBXResourcesBuildPhase section */

/* Begin PBXSourcesBuildPhase section */
		79D4378925F8E22A00A59A68 /* Sources */ = {
			isa = PBXSourcesBuildPhase;
			buildActionMask = 2147483647;
			files = (
				79D4379325F8E22A00A59A68 /* HomeView.swift in Sources */,
				79A785E025FEC4E200C878BA /* HomeViewRow.swift in Sources */,
				79981E7726026A9200884008 /* ContentView.swift in Sources */,
				79F7DA9126091EBB00E7C8DC /* ContentDetailView.swift in Sources */,
				79D4379125F8E22A00A59A68 /* LearningApp.swift in Sources */,
				79B6BD4F26029989004EB280 /* ContentViewRow.swift in Sources */,
				796FE34D2609F6A0001A519A /* CodeTextView.swift in Sources */,
				7942067F25F8E34B0034D56D /* ContentModel.swift in Sources */,
				79A785DD25FEAC8F00C878BA /* Models.swift in Sources */,
				79F7DA98260934DD00E7C8DC /* Constants.swift in Sources */,
			);
			runOnlyForDeploymentPostprocessing = 0;
		};
/* End PBXSourcesBuildPhase section */

/* Begin XCBuildConfiguration section */
		79D4379A25F8E22B00A59A68 /* Debug */ = {
			isa = XCBuildConfiguration;
			buildSettings = {
				ALWAYS_SEARCH_USER_PATHS = NO;
				CLANG_ANALYZER_NONNULL = YES;
				CLANG_ANALYZER_NUMBER_OBJECT_CONVERSION = YES_AGGRESSIVE;
				CLANG_CXX_LANGUAGE_STANDARD = "gnu++14";
				CLANG_CXX_LIBRARY = "libc++";
				CLANG_ENABLE_MODULES = YES;
				CLANG_ENABLE_OBJC_ARC = YES;
				CLANG_ENABLE_OBJC_WEAK = YES;
				CLANG_WARN_BLOCK_CAPTURE_AUTORELEASING = YES;
				CLANG_WARN_BOOL_CONVERSION = YES;
				CLANG_WARN_COMMA = YES;
				CLANG_WARN_CONSTANT_CONVERSION = YES;
				CLANG_WARN_DEPRECATED_OBJC_IMPLEMENTATIONS = YES;
				CLANG_WARN_DIRECT_OBJC_ISA_USAGE = YES_ERROR;
				CLANG_WARN_DOCUMENTATION_COMMENTS = YES;
				CLANG_WARN_EMPTY_BODY = YES;
				CLANG_WARN_ENUM_CONVERSION = YES;
				CLANG_WARN_INFINITE_RECURSION = YES;
				CLANG_WARN_INT_CONVERSION = YES;
				CLANG_WARN_NON_LITERAL_NULL_CONVERSION = YES;
				CLANG_WARN_OBJC_IMPLICIT_RETAIN_SELF = YES;
				CLANG_WARN_OBJC_LITERAL_CONVERSION = YES;
				CLANG_WARN_OBJC_ROOT_CLASS = YES_ERROR;
				CLANG_WARN_QUOTED_INCLUDE_IN_FRAMEWORK_HEADER = YES;
				CLANG_WARN_RANGE_LOOP_ANALYSIS = YES;
				CLANG_WARN_STRICT_PROTOTYPES = YES;
				CLANG_WARN_SUSPICIOUS_MOVE = YES;
				CLANG_WARN_UNGUARDED_AVAILABILITY = YES_AGGRESSIVE;
				CLANG_WARN_UNREACHABLE_CODE = YES;
				CLANG_WARN__DUPLICATE_METHOD_MATCH = YES;
				COPY_PHASE_STRIP = NO;
				DEBUG_INFORMATION_FORMAT = dwarf;
				ENABLE_STRICT_OBJC_MSGSEND = YES;
				ENABLE_TESTABILITY = YES;
				GCC_C_LANGUAGE_STANDARD = gnu11;
				GCC_DYNAMIC_NO_PIC = NO;
				GCC_NO_COMMON_BLOCKS = YES;
				GCC_OPTIMIZATION_LEVEL = 0;
				GCC_PREPROCESSOR_DEFINITIONS = (
					"DEBUG=1",
					"$(inherited)",
				);
				GCC_WARN_64_TO_32_BIT_CONVERSION = YES;
				GCC_WARN_ABOUT_RETURN_TYPE = YES_ERROR;
				GCC_WARN_UNDECLARED_SELECTOR = YES;
				GCC_WARN_UNINITIALIZED_AUTOS = YES_AGGRESSIVE;
				GCC_WARN_UNUSED_FUNCTION = YES;
				GCC_WARN_UNUSED_VARIABLE = YES;
				IPHONEOS_DEPLOYMENT_TARGET = 14.4;
				MTL_ENABLE_DEBUG_INFO = INCLUDE_SOURCE;
				MTL_FAST_MATH = YES;
				ONLY_ACTIVE_ARCH = YES;
				SDKROOT = iphoneos;
				SWIFT_ACTIVE_COMPILATION_CONDITIONS = DEBUG;
				SWIFT_OPTIMIZATION_LEVEL = "-Onone";
			};
			name = Debug;
		};
		79D4379B25F8E22B00A59A68 /* Release */ = {
			isa = XCBuildConfiguration;
			buildSettings = {
				ALWAYS_SEARCH_USER_PATHS = NO;
				CLANG_ANALYZER_NONNULL = YES;
				CLANG_ANALYZER_NUMBER_OBJECT_CONVERSION = YES_AGGRESSIVE;
				CLANG_CXX_LANGUAGE_STANDARD = "gnu++14";
				CLANG_CXX_LIBRARY = "libc++";
				CLANG_ENABLE_MODULES = YES;
				CLANG_ENABLE_OBJC_ARC = YES;
				CLANG_ENABLE_OBJC_WEAK = YES;
				CLANG_WARN_BLOCK_CAPTURE_AUTORELEASING = YES;
				CLANG_WARN_BOOL_CONVERSION = YES;
				CLANG_WARN_COMMA = YES;
				CLANG_WARN_CONSTANT_CONVERSION = YES;
				CLANG_WARN_DEPRECATED_OBJC_IMPLEMENTATIONS = YES;
				CLANG_WARN_DIRECT_OBJC_ISA_USAGE = YES_ERROR;
				CLANG_WARN_DOCUMENTATION_COMMENTS = YES;
				CLANG_WARN_EMPTY_BODY = YES;
				CLANG_WARN_ENUM_CONVERSION = YES;
				CLANG_WARN_INFINITE_RECURSION = YES;
				CLANG_WARN_INT_CONVERSION = YES;
				CLANG_WARN_NON_LITERAL_NULL_CONVERSION = YES;
				CLANG_WARN_OBJC_IMPLICIT_RETAIN_SELF = YES;
				CLANG_WARN_OBJC_LITERAL_CONVERSION = YES;
				CLANG_WARN_OBJC_ROOT_CLASS = YES_ERROR;
				CLANG_WARN_QUOTED_INCLUDE_IN_FRAMEWORK_HEADER = YES;
				CLANG_WARN_RANGE_LOOP_ANALYSIS = YES;
				CLANG_WARN_STRICT_PROTOTYPES = YES;
				CLANG_WARN_SUSPICIOUS_MOVE = YES;
				CLANG_WARN_UNGUARDED_AVAILABILITY = YES_AGGRESSIVE;
				CLANG_WARN_UNREACHABLE_CODE = YES;
				CLANG_WARN__DUPLICATE_METHOD_MATCH = YES;
				COPY_PHASE_STRIP = NO;
				DEBUG_INFORMATION_FORMAT = "dwarf-with-dsym";
				ENABLE_NS_ASSERTIONS = NO;
				ENABLE_STRICT_OBJC_MSGSEND = YES;
				GCC_C_LANGUAGE_STANDARD = gnu11;
				GCC_NO_COMMON_BLOCKS = YES;
				GCC_WARN_64_TO_32_BIT_CONVERSION = YES;
				GCC_WARN_ABOUT_RETURN_TYPE = YES_ERROR;
				GCC_WARN_UNDECLARED_SELECTOR = YES;
				GCC_WARN_UNINITIALIZED_AUTOS = YES_AGGRESSIVE;
				GCC_WARN_UNUSED_FUNCTION = YES;
				GCC_WARN_UNUSED_VARIABLE = YES;
				IPHONEOS_DEPLOYMENT_TARGET = 14.4;
				MTL_ENABLE_DEBUG_INFO = NO;
				MTL_FAST_MATH = YES;
				SDKROOT = iphoneos;
				SWIFT_COMPILATION_MODE = wholemodule;
				SWIFT_OPTIMIZATION_LEVEL = "-O";
				VALIDATE_PRODUCT = YES;
			};
			name = Release;
		};
		79D4379D25F8E22B00A59A68 /* Debug */ = {
			isa = XCBuildConfiguration;
			buildSettings = {
				ASSETCATALOG_COMPILER_APPICON_NAME = AppIcon;
				ASSETCATALOG_COMPILER_GLOBAL_ACCENT_COLOR_NAME = AccentColor;
				CODE_SIGN_STYLE = Automatic;
				DEVELOPMENT_ASSET_PATHS = "\"LearningApp/Preview Content\"";
				DEVELOPMENT_TEAM = QS54V8LSB5;
				ENABLE_PREVIEWS = YES;
				INFOPLIST_FILE = LearningApp/Info.plist;
				IPHONEOS_DEPLOYMENT_TARGET = 14.0;
				LD_RUNPATH_SEARCH_PATHS = (
					"$(inherited)",
					"@executable_path/Frameworks",
				);
				PRODUCT_BUNDLE_IDENTIFIER = com.example.LearningApp;
				PRODUCT_NAME = "$(TARGET_NAME)";
				SWIFT_VERSION = 5.0;
				TARGETED_DEVICE_FAMILY = "1,2";
			};
			name = Debug;
		};
		79D4379E25F8E22B00A59A68 /* Release */ = {
			isa = XCBuildConfiguration;
			buildSettings = {
				ASSETCATALOG_COMPILER_APPICON_NAME = AppIcon;
				ASSETCATALOG_COMPILER_GLOBAL_ACCENT_COLOR_NAME = AccentColor;
				CODE_SIGN_STYLE = Automatic;
				DEVELOPMENT_ASSET_PATHS = "\"LearningApp/Preview Content\"";
				DEVELOPMENT_TEAM = QS54V8LSB5;
				ENABLE_PREVIEWS = YES;
				INFOPLIST_FILE = LearningApp/Info.plist;
				IPHONEOS_DEPLOYMENT_TARGET = 14.0;
				LD_RUNPATH_SEARCH_PATHS = (
					"$(inherited)",
					"@executable_path/Frameworks",
				);
				PRODUCT_BUNDLE_IDENTIFIER = com.example.LearningApp;
				PRODUCT_NAME = "$(TARGET_NAME)";
				SWIFT_VERSION = 5.0;
				TARGETED_DEVICE_FAMILY = "1,2";
			};
			name = Release;
		};
/* End XCBuildConfiguration section */

/* Begin XCConfigurationList section */
		79D4378825F8E22A00A59A68 /* Build configuration list for PBXProject "LearningApp" */ = {
			isa = XCConfigurationList;
			buildConfigurations = (
				79D4379A25F8E22B00A59A68 /* Debug */,
				79D4379B25F8E22B00A59A68 /* Release */,
			);
			defaultConfigurationIsVisible = 0;
			defaultConfigurationName = Release;
		};
		79D4379C25F8E22B00A59A68 /* Build configuration list for PBXNativeTarget "LearningApp" */ = {
			isa = XCConfigurationList;
			buildConfigurations = (
				79D4379D25F8E22B00A59A68 /* Debug */,
				79D4379E25F8E22B00A59A68 /* Release */,
			);
			defaultConfigurationIsVisible = 0;
			defaultConfigurationName = Release;
		};
/* End XCConfigurationList section */
	};
	rootObject = 79D4378525F8E22A00A59A68 /* Project object */;
}
